
Microsoft Visual Studio Solution File, Format Version 12.00
# Visual Studio Version 16
VisualStudioVersion = 16.0.30711.63
MinimumVisualStudioVersion = 10.0.40219.1
Project("{9A19103F-16F7-4668-BE54-9A1E7A4F7556}") = "PDFMorty", "PDFMorty\PDFMorty.csproj", "{96743B66-26A1-4CB7-97F1-896411C76C57}"
EndProject
Project("{FAE04EC0-301F-11D3-BF4B-00C04F79EFBC}") = "PDFMorty.UnitTests", "PDFMorty.UnitTests\PDFMorty.UnitTests.csproj", "{0AA045FD-9F62-4752-B059-DB2BB707C62E}"
EndProject
Global
	GlobalSection(SolutionConfigurationPlatforms) = preSolution
		Debug|Any CPU = Debug|Any CPU
		Release|Any CPU = Release|Any CPU
	EndGlobalSection
	GlobalSection(ProjectConfigurationPlatforms) = postSolution
		{96743B66-26A1-4CB7-97F1-896411C76C57}.Debug|Any CPU.ActiveCfg = Debug|Any CPU
		{96743B66-26A1-4CB7-97F1-896411C76C57}.Debug|Any CPU.Build.0 = Debug|Any CPU
		{96743B66-26A1-4CB7-97F1-896411C76C57}.Release|Any CPU.ActiveCfg = Release|Any CPU
		{96743B66-26A1-4CB7-97F1-896411C76C57}.Release|Any CPU.Build.0 = Release|Any CPU
		{0AA045FD-9F62-4752-B059-DB2BB707C62E}.Debug|Any CPU.ActiveCfg = Debug|Any CPU
		{0AA045FD-9F62-4752-B059-DB2BB707C62E}.Debug|Any CPU.Build.0 = Debug|Any CPU
		{0AA045FD-9F62-4752-B059-DB2BB707C62E}.Release|Any CPU.ActiveCfg = Release|Any CPU
		{0AA045FD-9F62-4752-B059-DB2BB707C62E}.Release|Any CPU.Build.0 = Release|Any CPU
	EndGlobalSection
	GlobalSection(SolutionProperties) = preSolution
		HideSolutionNode = FALSE
	EndGlobalSection
	GlobalSection(ExtensibilityGlobals) = postSolution
		SolutionGuid = {BA10E901-7A8C-4C88-8491-3801A1F941AB}
	EndGlobalSection
EndGlobal
